
Microsoft Visual Studio Solution File, Format Version 12.00
# Visual Studio 15
VisualStudioVersion = 15.0.28307.421
MinimumVisualStudioVersion = 10.0.40219.1
Project("{FAE04EC0-301F-11D3-BF4B-00C04F79EFBC}") = "Login Program", "Login Program\Login Program.csproj", "{45EC1928-1F1F-45B3-9B08-02400EF54C83}"
EndProject
Global
	GlobalSection(SolutionConfigurationPlatforms) = preSolution
		Debug|Any CPU = Debug|Any CPU
		Release|Any CPU = Release|Any CPU
	EndGlobalSection
	GlobalSection(ProjectConfigurationPlatforms) = postSolution
		{45EC1928-1F1F-45B3-9B08-02400EF54C83}.Debug|Any CPU.ActiveCfg = Debug|Any CPU
		{45EC1928-1F1F-45B3-9B08-02400EF54C83}.Debug|Any CPU.Build.0 = Debug|Any CPU
		{45EC1928-1F1F-45B3-9B08-02400EF54C83}.Release|Any CPU.ActiveCfg = Release|Any CPU
		{45EC1928-1F1F-45B3-9B08-02400EF54C83}.Release|Any CPU.Build.0 = Release|Any CPU
	EndGlobalSection
	GlobalSection(SolutionProperties) = preSolution
		HideSolutionNode = FALSE
	EndGlobalSection
	GlobalSection(ExtensibilityGlobals) = postSolution
		SolutionGuid = {1F07ECFB-24F2-459C-88A6-7C1FA2E4DBC9}
	EndGlobalSection
EndGlobal
