
Microsoft Visual Studio Solution File, Format Version 12.00
# Visual Studio 15
VisualStudioVersion = 15.0.28307.421
MinimumVisualStudioVersion = 10.0.40219.1
Project("{FAE04EC0-301F-11D3-BF4B-00C04F79EFBC}") = "Earning fora week, month or year", "Earning fora week, month or year\Earning fora week, month or year.csproj", "{98AEDB8A-77F5-4319-8447-433583F39ED3}"
EndProject
Global
	GlobalSection(SolutionConfigurationPlatforms) = preSolution
		Debug|Any CPU = Debug|Any CPU
		Release|Any CPU = Release|Any CPU
	EndGlobalSection
	GlobalSection(ProjectConfigurationPlatforms) = postSolution
		{98AEDB8A-77F5-4319-8447-433583F39ED3}.Debug|Any CPU.ActiveCfg = Debug|Any CPU
		{98AEDB8A-77F5-4319-8447-433583F39ED3}.Debug|Any CPU.Build.0 = Debug|Any CPU
		{98AEDB8A-77F5-4319-8447-433583F39ED3}.Release|Any CPU.ActiveCfg = Release|Any CPU
		{98AEDB8A-77F5-4319-8447-433583F39ED3}.Release|Any CPU.Build.0 = Release|Any CPU
	EndGlobalSection
	GlobalSection(SolutionProperties) = preSolution
		HideSolutionNode = FALSE
	EndGlobalSection
	GlobalSection(ExtensibilityGlobals) = postSolution
		SolutionGuid = {399C3FF2-2D13-4E41-882D-FE03AC63BF84}
	EndGlobalSection
EndGlobal
